// !$*UTF8*$!
{
	archiveVersion = 1;
	classes = {
	};
	objectVersion = 46;
	objects = {

/* Begin PBXBuildFile section */
		999EBE76A7776042A8E08E42 /* libPods.a in Frameworks */ = {isa = PBXBuildFile; fileRef = 566C69052C66536EC74A97C8 /* libPods.a */; };
		D22E7D481C77B0E000A50DFE /* SideOutTableViewController.m in Sources */ = {isa = PBXBuildFile; fileRef = D22E7D471C77B0E000A50DFE /* SideOutTableViewController.m */; settings = {ASSET_TAGS = (); }; };
		D22E7D4B1C77C9B100A50DFE /* CampaignViewController.m in Sources */ = {isa = PBXBuildFile; fileRef = D22E7D4A1C77C9B100A50DFE /* CampaignViewController.m */; settings = {ASSET_TAGS = (); }; };
		D22E7D4E1C77CD4D00A50DFE /* CampaignSuperViewController.m in Sources */ = {isa = PBXBuildFile; fileRef = D22E7D4D1C77CD4D00A50DFE /* CampaignSuperViewController.m */; settings = {ASSET_TAGS = (); }; };
		D22E7D511C77CD8E00A50DFE /* CampaignSelectAcceptPageViewController.m in Sources */ = {isa = PBXBuildFile; fileRef = D22E7D501C77CD8E00A50DFE /* CampaignSelectAcceptPageViewController.m */; settings = {ASSET_TAGS = (); }; };
		D22E7D571C7812E300A50DFE /* CampaignDetailSelectViewController.m in Sources */ = {isa = PBXBuildFile; fileRef = D22E7D561C7812E300A50DFE /* CampaignDetailSelectViewController.m */; settings = {ASSET_TAGS = (); }; };
		D22E7D5A1C7A63DB00A50DFE /* RestLayer.m in Sources */ = {isa = PBXBuildFile; fileRef = D22E7D591C7A63DB00A50DFE /* RestLayer.m */; settings = {ASSET_TAGS = (); }; };
		D22E7D8F1C7A8C7A00A50DFE /* TrialViewController.m in Sources */ = {isa = PBXBuildFile; fileRef = D22E7D8E1C7A8C7A00A50DFE /* TrialViewController.m */; settings = {ASSET_TAGS = (); }; };
		D22E7DEE1C7A8DF500A50DFE /* DataLayer.m in Sources */ = {isa = PBXBuildFile; fileRef = D22E7DED1C7A8DF500A50DFE /* DataLayer.m */; settings = {ASSET_TAGS = (); }; };
		D22E7DF01C7A8E6100A50DFE /* CoreData.framework in Frameworks */ = {isa = PBXBuildFile; fileRef = D22E7DEF1C7A8E6100A50DFE /* CoreData.framework */; };
		D2A7BFCC1C70D8A0001996ED /* main.m in Sources */ = {isa = PBXBuildFile; fileRef = D2A7BFCB1C70D8A0001996ED /* main.m */; };
		D2A7BFCF1C70D8A0001996ED /* AppDelegate.m in Sources */ = {isa = PBXBuildFile; fileRef = D2A7BFCE1C70D8A0001996ED /* AppDelegate.m */; };
		D2A7BFD21C70D8A0001996ED /* ViewController.m in Sources */ = {isa = PBXBuildFile; fileRef = D2A7BFD11C70D8A0001996ED /* ViewController.m */; };
		D2A7BFD51C70D8A0001996ED /* Main.storyboard in Resources */ = {isa = PBXBuildFile; fileRef = D2A7BFD31C70D8A0001996ED /* Main.storyboard */; };
		D2A7BFD81C70D8A0001996ED /* AdsOnTopiOS.xcdatamodeld in Sources */ = {isa = PBXBuildFile; fileRef = D2A7BFD61C70D8A0001996ED /* AdsOnTopiOS.xcdatamodeld */; };
		D2A7BFDA1C70D8A0001996ED /* Assets.xcassets in Resources */ = {isa = PBXBuildFile; fileRef = D2A7BFD91C70D8A0001996ED /* Assets.xcassets */; };
		D2A7BFDD1C70D8A0001996ED /* LaunchScreen.storyboard in Resources */ = {isa = PBXBuildFile; fileRef = D2A7BFDB1C70D8A0001996ED /* LaunchScreen.storyboard */; };
		D2A7BFE81C70D8A0001996ED /* AdsOnTopiOSTests.m in Sources */ = {isa = PBXBuildFile; fileRef = D2A7BFE71C70D8A0001996ED /* AdsOnTopiOSTests.m */; };
		D2A7BFF31C70D8A0001996ED /* AdsOnTopiOSUITests.m in Sources */ = {isa = PBXBuildFile; fileRef = D2A7BFF21C70D8A0001996ED /* AdsOnTopiOSUITests.m */; };
		D2C3583A1C7428DD00D1D6F6 /* SWRevealViewController.m in Sources */ = {isa = PBXBuildFile; fileRef = D2C358391C7428DD00D1D6F6 /* SWRevealViewController.m */; settings = {ASSET_TAGS = (); }; };
/* End PBXBuildFile section */

/* Begin PBXContainerItemProxy section */
		D2A7BFE41C70D8A0001996ED /* PBXContainerItemProxy */ = {
			isa = PBXContainerItemProxy;
			containerPortal = D2A7BFBF1C70D8A0001996ED /* Project object */;
			proxyType = 1;
			remoteGlobalIDString = D2A7BFC61C70D8A0001996ED;
			remoteInfo = AdsOnTopiOS;
		};
		D2A7BFEF1C70D8A0001996ED /* PBXContainerItemProxy */ = {
			isa = PBXContainerItemProxy;
			containerPortal = D2A7BFBF1C70D8A0001996ED /* Project object */;
			proxyType = 1;
			remoteGlobalIDString = D2A7BFC61C70D8A0001996ED;
			remoteInfo = AdsOnTopiOS;
		};
/* End PBXContainerItemProxy section */

/* Begin PBXFileReference section */
		566C69052C66536EC74A97C8 /* libPods.a */ = {isa = PBXFileReference; explicitFileType = archive.ar; includeInIndex = 0; path = libPods.a; sourceTree = BUILT_PRODUCTS_DIR; };
		858B88A89C11FA0EE77FC96A /* Pods.release.xcconfig */ = {isa = PBXFileReference; includeInIndex = 1; lastKnownFileType = text.xcconfig; name = Pods.release.xcconfig; path = "Pods/Target Support Files/Pods/Pods.release.xcconfig"; sourceTree = "<group>"; };
		B470C6870C81805A5A82A467 /* Pods.debug.xcconfig */ = {isa = PBXFileReference; includeInIndex = 1; lastKnownFileType = text.xcconfig; name = Pods.debug.xcconfig; path = "Pods/Target Support Files/Pods/Pods.debug.xcconfig"; sourceTree = "<group>"; };
		D22E7D461C77B0E000A50DFE /* SideOutTableViewController.h */ = {isa = PBXFileReference; fileEncoding = 4; lastKnownFileType = sourcecode.c.h; path = SideOutTableViewController.h; sourceTree = "<group>"; };
		D22E7D471C77B0E000A50DFE /* SideOutTableViewController.m */ = {isa = PBXFileReference; fileEncoding = 4; lastKnownFileType = sourcecode.c.objc; path = SideOutTableViewController.m; sourceTree = "<group>"; };
		D22E7D491C77C9B100A50DFE /* CampaignViewController.h */ = {isa = PBXFileReference; fileEncoding = 4; lastKnownFileType = sourcecode.c.h; path = CampaignViewController.h; sourceTree = "<group>"; };
		D22E7D4A1C77C9B100A50DFE /* CampaignViewController.m */ = {isa = PBXFileReference; fileEncoding = 4; lastKnownFileType = sourcecode.c.objc; path = CampaignViewController.m; sourceTree = "<group>"; };
		D22E7D4C1C77CD4D00A50DFE /* CampaignSuperViewController.h */ = {isa = PBXFileReference; fileEncoding = 4; lastKnownFileType = sourcecode.c.h; path = CampaignSuperViewController.h; sourceTree = "<group>"; };
		D22E7D4D1C77CD4D00A50DFE /* CampaignSuperViewController.m */ = {isa = PBXFileReference; fileEncoding = 4; lastKnownFileType = sourcecode.c.objc; path = CampaignSuperViewController.m; sourceTree = "<group>"; };
		D22E7D4F1C77CD8E00A50DFE /* CampaignSelectAcceptPageViewController.h */ = {isa = PBXFileReference; fileEncoding = 4; lastKnownFileType = sourcecode.c.h; path = CampaignSelectAcceptPageViewController.h; sourceTree = "<group>"; };
		D22E7D501C77CD8E00A50DFE /* CampaignSelectAcceptPageViewController.m */ = {isa = PBXFileReference; fileEncoding = 4; lastKnownFileType = sourcecode.c.objc; path = CampaignSelectAcceptPageViewController.m; sourceTree = "<group>"; };
		D22E7D551C7812E300A50DFE /* CampaignDetailSelectViewController.h */ = {isa = PBXFileReference; fileEncoding = 4; lastKnownFileType = sourcecode.c.h; path = CampaignDetailSelectViewController.h; sourceTree = "<group>"; };
		D22E7D561C7812E300A50DFE /* CampaignDetailSelectViewController.m */ = {isa = PBXFileReference; fileEncoding = 4; lastKnownFileType = sourcecode.c.objc; path = CampaignDetailSelectViewController.m; sourceTree = "<group>"; };
		D22E7D581C7A63DB00A50DFE /* RestLayer.h */ = {isa = PBXFileReference; fileEncoding = 4; lastKnownFileType = sourcecode.c.h; path = RestLayer.h; sourceTree = "<group>"; };
		D22E7D591C7A63DB00A50DFE /* RestLayer.m */ = {isa = PBXFileReference; fileEncoding = 4; lastKnownFileType = sourcecode.c.objc; path = RestLayer.m; sourceTree = "<group>"; };
		D22E7D8D1C7A8C7A00A50DFE /* TrialViewController.h */ = {isa = PBXFileReference; fileEncoding = 4; lastKnownFileType = sourcecode.c.h; path = TrialViewController.h; sourceTree = "<group>"; };
		D22E7D8E1C7A8C7A00A50DFE /* TrialViewController.m */ = {isa = PBXFileReference; fileEncoding = 4; lastKnownFileType = sourcecode.c.objc; path = TrialViewController.m; sourceTree = "<group>"; };
		D22E7DEC1C7A8DF500A50DFE /* DataLayer.h */ = {isa = PBXFileReference; fileEncoding = 4; lastKnownFileType = sourcecode.c.h; path = DataLayer.h; sourceTree = "<group>"; };
		D22E7DED1C7A8DF500A50DFE /* DataLayer.m */ = {isa = PBXFileReference; fileEncoding = 4; lastKnownFileType = sourcecode.c.objc; path = DataLayer.m; sourceTree = "<group>"; };
		D22E7DEF1C7A8E6100A50DFE /* CoreData.framework */ = {isa = PBXFileReference; lastKnownFileType = wrapper.framework; name = CoreData.framework; path = System/Library/Frameworks/CoreData.framework; sourceTree = SDKROOT; };
		D2A7BFC71C70D8A0001996ED /* AdsOnTopiOS.app */ = {isa = PBXFileReference; explicitFileType = wrapper.application; includeInIndex = 0; path = AdsOnTopiOS.app; sourceTree = BUILT_PRODUCTS_DIR; };
		D2A7BFCB1C70D8A0001996ED /* main.m */ = {isa = PBXFileReference; lastKnownFileType = sourcecode.c.objc; path = main.m; sourceTree = "<group>"; };
		D2A7BFCD1C70D8A0001996ED /* AppDelegate.h */ = {isa = PBXFileReference; lastKnownFileType = sourcecode.c.h; path = AppDelegate.h; sourceTree = "<group>"; };
		D2A7BFCE1C70D8A0001996ED /* AppDelegate.m */ = {isa = PBXFileReference; lastKnownFileType = sourcecode.c.objc; path = AppDelegate.m; sourceTree = "<group>"; };
		D2A7BFD01C70D8A0001996ED /* ViewController.h */ = {isa = PBXFileReference; lastKnownFileType = sourcecode.c.h; path = ViewController.h; sourceTree = "<group>"; };
		D2A7BFD11C70D8A0001996ED /* ViewController.m */ = {isa = PBXFileReference; lastKnownFileType = sourcecode.c.objc; path = ViewController.m; sourceTree = "<group>"; };
		D2A7BFD41C70D8A0001996ED /* Base */ = {isa = PBXFileReference; lastKnownFileType = file.storyboard; name = Base; path = Base.lproj/Main.storyboard; sourceTree = "<group>"; };
		D2A7BFD71C70D8A0001996ED /* AdsOnTopiOS.xcdatamodel */ = {isa = PBXFileReference; lastKnownFileType = wrapper.xcdatamodel; path = AdsOnTopiOS.xcdatamodel; sourceTree = "<group>"; };
		D2A7BFD91C70D8A0001996ED /* Assets.xcassets */ = {isa = PBXFileReference; lastKnownFileType = folder.assetcatalog; path = Assets.xcassets; sourceTree = "<group>"; };
		D2A7BFDC1C70D8A0001996ED /* Base */ = {isa = PBXFileReference; lastKnownFileType = file.storyboard; name = Base; path = Base.lproj/LaunchScreen.storyboard; sourceTree = "<group>"; };
		D2A7BFDE1C70D8A0001996ED /* Info.plist */ = {isa = PBXFileReference; lastKnownFileType = text.plist.xml; path = Info.plist; sourceTree = "<group>"; };
		D2A7BFE31C70D8A0001996ED /* AdsOnTopiOSTests.xctest */ = {isa = PBXFileReference; explicitFileType = wrapper.cfbundle; includeInIndex = 0; path = AdsOnTopiOSTests.xctest; sourceTree = BUILT_PRODUCTS_DIR; };
		D2A7BFE71C70D8A0001996ED /* AdsOnTopiOSTests.m */ = {isa = PBXFileReference; lastKnownFileType = sourcecode.c.objc; path = AdsOnTopiOSTests.m; sourceTree = "<group>"; };
		D2A7BFE91C70D8A0001996ED /* Info.plist */ = {isa = PBXFileReference; lastKnownFileType = text.plist.xml; path = Info.plist; sourceTree = "<group>"; };
		D2A7BFEE1C70D8A0001996ED /* AdsOnTopiOSUITests.xctest */ = {isa = PBXFileReference; explicitFileType = wrapper.cfbundle; includeInIndex = 0; path = AdsOnTopiOSUITests.xctest; sourceTree = BUILT_PRODUCTS_DIR; };
		D2A7BFF21C70D8A0001996ED /* AdsOnTopiOSUITests.m */ = {isa = PBXFileReference; lastKnownFileType = sourcecode.c.objc; path = AdsOnTopiOSUITests.m; sourceTree = "<group>"; };
		D2A7BFF41C70D8A0001996ED /* Info.plist */ = {isa = PBXFileReference; lastKnownFileType = text.plist.xml; path = Info.plist; sourceTree = "<group>"; };
		D2C358381C7428DD00D1D6F6 /* SWRevealViewController.h */ = {isa = PBXFileReference; fileEncoding = 4; lastKnownFileType = sourcecode.c.h; path = SWRevealViewController.h; sourceTree = "<group>"; };
		D2C358391C7428DD00D1D6F6 /* SWRevealViewController.m */ = {isa = PBXFileReference; fileEncoding = 4; lastKnownFileType = sourcecode.c.objc; path = SWRevealViewController.m; sourceTree = "<group>"; };
/* End PBXFileReference section */

/* Begin PBXFrameworksBuildPhase section */
		D2A7BFC41C70D8A0001996ED /* Frameworks */ = {
			isa = PBXFrameworksBuildPhase;
			buildActionMask = 2147483647;
			files = (
				D22E7DF01C7A8E6100A50DFE /* CoreData.framework in Frameworks */,
				999EBE76A7776042A8E08E42 /* libPods.a in Frameworks */,
			);
			runOnlyForDeploymentPostprocessing = 0;
		};
		D2A7BFE01C70D8A0001996ED /* Frameworks */ = {
			isa = PBXFrameworksBuildPhase;
			buildActionMask = 2147483647;
			files = (
			);
			runOnlyForDeploymentPostprocessing = 0;
		};
		D2A7BFEB1C70D8A0001996ED /* Frameworks */ = {
			isa = PBXFrameworksBuildPhase;
			buildActionMask = 2147483647;
			files = (
			);
			runOnlyForDeploymentPostprocessing = 0;
		};
/* End PBXFrameworksBuildPhase section */

/* Begin PBXGroup section */
		0DCB600D12550CAB93FEF960 /* Pods */ = {
			isa = PBXGroup;
			children = (
				B470C6870C81805A5A82A467 /* Pods.debug.xcconfig */,
				858B88A89C11FA0EE77FC96A /* Pods.release.xcconfig */,
			);
			name = Pods;
			sourceTree = "<group>";
		};
		3E7F45F9A8A1E522FBC0A29F /* Frameworks */ = {
			isa = PBXGroup;
			children = (
				D22E7DEF1C7A8E6100A50DFE /* CoreData.framework */,
				566C69052C66536EC74A97C8 /* libPods.a */,
			);
			name = Frameworks;
			sourceTree = "<group>";
		};
		D2A7BFBE1C70D8A0001996ED = {
			isa = PBXGroup;
			children = (
				D2C358371C7428B600D1D6F6 /* SWRevealViewController */,
				D2A7BFC91C70D8A0001996ED /* AdsOnTopiOS */,
				D2A7BFE61C70D8A0001996ED /* AdsOnTopiOSTests */,
				D2A7BFF11C70D8A0001996ED /* AdsOnTopiOSUITests */,
				D2A7BFC81C70D8A0001996ED /* Products */,
				0DCB600D12550CAB93FEF960 /* Pods */,
				3E7F45F9A8A1E522FBC0A29F /* Frameworks */,
			);
			sourceTree = "<group>";
		};
		D2A7BFC81C70D8A0001996ED /* Products */ = {
			isa = PBXGroup;
			children = (
				D2A7BFC71C70D8A0001996ED /* AdsOnTopiOS.app */,
				D2A7BFE31C70D8A0001996ED /* AdsOnTopiOSTests.xctest */,
				D2A7BFEE1C70D8A0001996ED /* AdsOnTopiOSUITests.xctest */,
			);
			name = Products;
			sourceTree = "<group>";
		};
		D2A7BFC91C70D8A0001996ED /* AdsOnTopiOS */ = {
			isa = PBXGroup;
			children = (
				D2A7BFCD1C70D8A0001996ED /* AppDelegate.h */,
				D2A7BFCE1C70D8A0001996ED /* AppDelegate.m */,
				D2A7BFD01C70D8A0001996ED /* ViewController.h */,
				D2A7BFD11C70D8A0001996ED /* ViewController.m */,
				D2A7BFD31C70D8A0001996ED /* Main.storyboard */,
				D2A7BFD91C70D8A0001996ED /* Assets.xcassets */,
				D2A7BFDB1C70D8A0001996ED /* LaunchScreen.storyboard */,
				D2A7BFDE1C70D8A0001996ED /* Info.plist */,
				D2A7BFD61C70D8A0001996ED /* AdsOnTopiOS.xcdatamodeld */,
				D2A7BFCA1C70D8A0001996ED /* Supporting Files */,
				D22E7D461C77B0E000A50DFE /* SideOutTableViewController.h */,
				D22E7D471C77B0E000A50DFE /* SideOutTableViewController.m */,
				D22E7D491C77C9B100A50DFE /* CampaignViewController.h */,
				D22E7D4A1C77C9B100A50DFE /* CampaignViewController.m */,
				D22E7D4C1C77CD4D00A50DFE /* CampaignSuperViewController.h */,
				D22E7D4D1C77CD4D00A50DFE /* CampaignSuperViewController.m */,
				D22E7D4F1C77CD8E00A50DFE /* CampaignSelectAcceptPageViewController.h */,
				D22E7D501C77CD8E00A50DFE /* CampaignSelectAcceptPageViewController.m */,
				D22E7D551C7812E300A50DFE /* CampaignDetailSelectViewController.h */,
				D22E7D561C7812E300A50DFE /* CampaignDetailSelectViewController.m */,
				D22E7D581C7A63DB00A50DFE /* RestLayer.h */,
				D22E7D591C7A63DB00A50DFE /* RestLayer.m */,
				D22E7D8D1C7A8C7A00A50DFE /* TrialViewController.h */,
				D22E7D8E1C7A8C7A00A50DFE /* TrialViewController.m */,
				D22E7DEC1C7A8DF500A50DFE /* DataLayer.h */,
				D22E7DED1C7A8DF500A50DFE /* DataLayer.m */,
			);
			path = AdsOnTopiOS;
			sourceTree = "<group>";
		};
		D2A7BFCA1C70D8A0001996ED /* Supporting Files */ = {
			isa = PBXGroup;
			children = (
				D2A7BFCB1C70D8A0001996ED /* main.m */,
			);
			name = "Supporting Files";
			sourceTree = "<group>";
		};
		D2A7BFE61C70D8A0001996ED /* AdsOnTopiOSTests */ = {
			isa = PBXGroup;
			children = (
				D2A7BFE71C70D8A0001996ED /* AdsOnTopiOSTests.m */,
				D2A7BFE91C70D8A0001996ED /* Info.plist */,
			);
			path = AdsOnTopiOSTests;
			sourceTree = "<group>";
		};
		D2A7BFF11C70D8A0001996ED /* AdsOnTopiOSUITests */ = {
			isa = PBXGroup;
			children = (
				D2A7BFF21C70D8A0001996ED /* AdsOnTopiOSUITests.m */,
				D2A7BFF41C70D8A0001996ED /* Info.plist */,
			);
			path = AdsOnTopiOSUITests;
			sourceTree = "<group>";
		};
		D2C358371C7428B600D1D6F6 /* SWRevealViewController */ = {
			isa = PBXGroup;
			children = (
				D2C358381C7428DD00D1D6F6 /* SWRevealViewController.h */,
				D2C358391C7428DD00D1D6F6 /* SWRevealViewController.m */,
			);
			name = SWRevealViewController;
			sourceTree = "<group>";
		};
/* End PBXGroup section */

/* Begin PBXNativeTarget section */
		D2A7BFC61C70D8A0001996ED /* AdsOnTopiOS */ = {
			isa = PBXNativeTarget;
			buildConfigurationList = D2A7BFF71C70D8A0001996ED /* Build configuration list for PBXNativeTarget "AdsOnTopiOS" */;
			buildPhases = (
				C477780658EC9560E3FA3910 /* Check Pods Manifest.lock */,
				D2A7BFC31C70D8A0001996ED /* Sources */,
				D2A7BFC41C70D8A0001996ED /* Frameworks */,
				D2A7BFC51C70D8A0001996ED /* Resources */,
				777B3EC026F87FEDB2BB25E1 /* Embed Pods Frameworks */,
				A096452890AD4455447718E8 /* Copy Pods Resources */,
			);
			buildRules = (
			);
			dependencies = (
			);
			name = AdsOnTopiOS;
			productName = AdsOnTopiOS;
			productReference = D2A7BFC71C70D8A0001996ED /* AdsOnTopiOS.app */;
			productType = "com.apple.product-type.application";
		};
		D2A7BFE21C70D8A0001996ED /* AdsOnTopiOSTests */ = {
			isa = PBXNativeTarget;
			buildConfigurationList = D2A7BFFA1C70D8A0001996ED /* Build configuration list for PBXNativeTarget "AdsOnTopiOSTests" */;
			buildPhases = (
				D2A7BFDF1C70D8A0001996ED /* Sources */,
				D2A7BFE01C70D8A0001996ED /* Frameworks */,
				D2A7BFE11C70D8A0001996ED /* Resources */,
			);
			buildRules = (
			);
			dependencies = (
				D2A7BFE51C70D8A0001996ED /* PBXTargetDependency */,
			);
			name = AdsOnTopiOSTests;
			productName = AdsOnTopiOSTests;
			productReference = D2A7BFE31C70D8A0001996ED /* AdsOnTopiOSTests.xctest */;
			productType = "com.apple.product-type.bundle.unit-test";
		};
		D2A7BFED1C70D8A0001996ED /* AdsOnTopiOSUITests */ = {
			isa = PBXNativeTarget;
			buildConfigurationList = D2A7BFFD1C70D8A0001996ED /* Build configuration list for PBXNativeTarget "AdsOnTopiOSUITests" */;
			buildPhases = (
				D2A7BFEA1C70D8A0001996ED /* Sources */,
				D2A7BFEB1C70D8A0001996ED /* Frameworks */,
				D2A7BFEC1C70D8A0001996ED /* Resources */,
			);
			buildRules = (
			);
			dependencies = (
				D2A7BFF01C70D8A0001996ED /* PBXTargetDependency */,
			);
			name = AdsOnTopiOSUITests;
			productName = AdsOnTopiOSUITests;
			productReference = D2A7BFEE1C70D8A0001996ED /* AdsOnTopiOSUITests.xctest */;
			productType = "com.apple.product-type.bundle.ui-testing";
		};
/* End PBXNativeTarget section */

/* Begin PBXProject section */
		D2A7BFBF1C70D8A0001996ED /* Project object */ = {
			isa = PBXProject;
			attributes = {
				LastUpgradeCheck = 0700;
				ORGANIZATIONNAME = "Abhinav Khanna";
				TargetAttributes = {
					D2A7BFC61C70D8A0001996ED = {
						CreatedOnToolsVersion = 7.0;
					};
					D2A7BFE21C70D8A0001996ED = {
						CreatedOnToolsVersion = 7.0;
						TestTargetID = D2A7BFC61C70D8A0001996ED;
					};
					D2A7BFED1C70D8A0001996ED = {
						CreatedOnToolsVersion = 7.0;
						TestTargetID = D2A7BFC61C70D8A0001996ED;
					};
				};
			};
			buildConfigurationList = D2A7BFC21C70D8A0001996ED /* Build configuration list for PBXProject "AdsOnTopiOS" */;
			compatibilityVersion = "Xcode 3.2";
			developmentRegion = English;
			hasScannedForEncodings = 0;
			knownRegions = (
				en,
				Base,
			);
			mainGroup = D2A7BFBE1C70D8A0001996ED;
			productRefGroup = D2A7BFC81C70D8A0001996ED /* Products */;
			projectDirPath = "";
			projectRoot = "";
			targets = (
				D2A7BFC61C70D8A0001996ED /* AdsOnTopiOS */,
				D2A7BFE21C70D8A0001996ED /* AdsOnTopiOSTests */,
				D2A7BFED1C70D8A0001996ED /* AdsOnTopiOSUITests */,
			);
		};
/* End PBXProject section */

/* Begin PBXResourcesBuildPhase section */
		D2A7BFC51C70D8A0001996ED /* Resources */ = {
			isa = PBXResourcesBuildPhase;
			buildActionMask = 2147483647;
			files = (
				D2A7BFDD1C70D8A0001996ED /* LaunchScreen.storyboard in Resources */,
				D2A7BFDA1C70D8A0001996ED /* Assets.xcassets in Resources */,
				D2A7BFD51C70D8A0001996ED /* Main.storyboard in Resources */,
			);
			runOnlyForDeploymentPostprocessing = 0;
		};
		D2A7BFE11C70D8A0001996ED /* Resources */ = {
			isa = PBXResourcesBuildPhase;
			buildActionMask = 2147483647;
			files = (
			);
			runOnlyForDeploymentPostprocessing = 0;
		};
		D2A7BFEC1C70D8A0001996ED /* Resources */ = {
			isa = PBXResourcesBuildPhase;
			buildActionMask = 2147483647;
			files = (
			);
			runOnlyForDeploymentPostprocessing = 0;
		};
/* End PBXResourcesBuildPhase section */

/* Begin PBXShellScriptBuildPhase section */
		777B3EC026F87FEDB2BB25E1 /* Embed Pods Frameworks */ = {
			isa = PBXShellScriptBuildPhase;
			buildActionMask = 2147483647;
			files = (
			);
			inputPaths = (
			);
			name = "Embed Pods Frameworks";
			outputPaths = (
			);
			runOnlyForDeploymentPostprocessing = 0;
			shellPath = /bin/sh;
			shellScript = "\"${SRCROOT}/Pods/Target Support Files/Pods/Pods-frameworks.sh\"\n";
			showEnvVarsInLog = 0;
		};
		A096452890AD4455447718E8 /* Copy Pods Resources */ = {
			isa = PBXShellScriptBuildPhase;
			buildActionMask = 2147483647;
			files = (
			);
			inputPaths = (
			);
			name = "Copy Pods Resources";
			outputPaths = (
			);
			runOnlyForDeploymentPostprocessing = 0;
			shellPath = /bin/sh;
			shellScript = "\"${SRCROOT}/Pods/Target Support Files/Pods/Pods-resources.sh\"\n";
			showEnvVarsInLog = 0;
		};
		C477780658EC9560E3FA3910 /* Check Pods Manifest.lock */ = {
			isa = PBXShellScriptBuildPhase;
			buildActionMask = 2147483647;
			files = (
			);
			inputPaths = (
			);
			name = "Check Pods Manifest.lock";
			outputPaths = (
			);
			runOnlyForDeploymentPostprocessing = 0;
			shellPath = /bin/sh;
			shellScript = "diff \"${PODS_ROOT}/../Podfile.lock\" \"${PODS_ROOT}/Manifest.lock\" > /dev/null\nif [[ $? != 0 ]] ; then\n    cat << EOM\nerror: The sandbox is not in sync with the Podfile.lock. Run 'pod install' or update your CocoaPods installation.\nEOM\n    exit 1\nfi\n";
			showEnvVarsInLog = 0;
		};
/* End PBXShellScriptBuildPhase section */

/* Begin PBXSourcesBuildPhase section */
		D2A7BFC31C70D8A0001996ED /* Sources */ = {
			isa = PBXSourcesBuildPhase;
			buildActionMask = 2147483647;
			files = (
				D22E7DEE1C7A8DF500A50DFE /* DataLayer.m in Sources */,
				D2A7BFD21C70D8A0001996ED /* ViewController.m in Sources */,
				D22E7D571C7812E300A50DFE /* CampaignDetailSelectViewController.m in Sources */,
				D22E7D481C77B0E000A50DFE /* SideOutTableViewController.m in Sources */,
				D2A7BFCF1C70D8A0001996ED /* AppDelegate.m in Sources */,
				D22E7D4B1C77C9B100A50DFE /* CampaignViewController.m in Sources */,
				D22E7D8F1C7A8C7A00A50DFE /* TrialViewController.m in Sources */,
				D2C3583A1C7428DD00D1D6F6 /* SWRevealViewController.m in Sources */,
				D22E7D5A1C7A63DB00A50DFE /* RestLayer.m in Sources */,
				D2A7BFCC1C70D8A0001996ED /* main.m in Sources */,
				D22E7D511C77CD8E00A50DFE /* CampaignSelectAcceptPageViewController.m in Sources */,
				D22E7D4E1C77CD4D00A50DFE /* CampaignSuperViewController.m in Sources */,
				D2A7BFD81C70D8A0001996ED /* AdsOnTopiOS.xcdatamodeld in Sources */,
			);
			runOnlyForDeploymentPostprocessing = 0;
		};
		D2A7BFDF1C70D8A0001996ED /* Sources */ = {
			isa = PBXSourcesBuildPhase;
			buildActionMask = 2147483647;
			files = (
				D2A7BFE81C70D8A0001996ED /* AdsOnTopiOSTests.m in Sources */,
			);
			runOnlyForDeploymentPostprocessing = 0;
		};
		D2A7BFEA1C70D8A0001996ED /* Sources */ = {
			isa = PBXSourcesBuildPhase;
			buildActionMask = 2147483647;
			files = (
				D2A7BFF31C70D8A0001996ED /* AdsOnTopiOSUITests.m in Sources */,
			);
			runOnlyForDeploymentPostprocessing = 0;
		};
/* End PBXSourcesBuildPhase section */

/* Begin PBXTargetDependency section */
		D2A7BFE51C70D8A0001996ED /* PBXTargetDependency */ = {
			isa = PBXTargetDependency;
			target = D2A7BFC61C70D8A0001996ED /* AdsOnTopiOS */;
			targetProxy = D2A7BFE41C70D8A0001996ED /* PBXContainerItemProxy */;
		};
		D2A7BFF01C70D8A0001996ED /* PBXTargetDependency */ = {
			isa = PBXTargetDependency;
			target = D2A7BFC61C70D8A0001996ED /* AdsOnTopiOS */;
			targetProxy = D2A7BFEF1C70D8A0001996ED /* PBXContainerItemProxy */;
		};
/* End PBXTargetDependency section */

/* Begin PBXVariantGroup section */
		D2A7BFD31C70D8A0001996ED /* Main.storyboard */ = {
			isa = PBXVariantGroup;
			children = (
				D2A7BFD41C70D8A0001996ED /* Base */,
			);
			name = Main.storyboard;
			sourceTree = "<group>";
		};
		D2A7BFDB1C70D8A0001996ED /* LaunchScreen.storyboard */ = {
			isa = PBXVariantGroup;
			children = (
				D2A7BFDC1C70D8A0001996ED /* Base */,
			);
			name = LaunchScreen.storyboard;
			sourceTree = "<group>";
		};
/* End PBXVariantGroup section */

/* Begin XCBuildConfiguration section */
		D2A7BFF51C70D8A0001996ED /* Debug */ = {
			isa = XCBuildConfiguration;
			buildSettings = {
				ALWAYS_SEARCH_USER_PATHS = NO;
				CLANG_CXX_LANGUAGE_STANDARD = "gnu++0x";
				CLANG_CXX_LIBRARY = "libc++";
				CLANG_ENABLE_MODULES = YES;
				CLANG_ENABLE_OBJC_ARC = YES;
				CLANG_WARN_BOOL_CONVERSION = YES;
				CLANG_WARN_CONSTANT_CONVERSION = YES;
				CLANG_WARN_DIRECT_OBJC_ISA_USAGE = YES_ERROR;
				CLANG_WARN_EMPTY_BODY = YES;
				CLANG_WARN_ENUM_CONVERSION = YES;
				CLANG_WARN_INT_CONVERSION = YES;
				CLANG_WARN_OBJC_ROOT_CLASS = YES_ERROR;
				CLANG_WARN_UNREACHABLE_CODE = YES;
				CLANG_WARN__DUPLICATE_METHOD_MATCH = YES;
				"CODE_SIGN_IDENTITY[sdk=iphoneos*]" = "iPhone Developer";
				COPY_PHASE_STRIP = NO;
				DEBUG_INFORMATION_FORMAT = dwarf;
				ENABLE_STRICT_OBJC_MSGSEND = YES;
				ENABLE_TESTABILITY = YES;
				GCC_C_LANGUAGE_STANDARD = gnu99;
				GCC_DYNAMIC_NO_PIC = NO;
				GCC_NO_COMMON_BLOCKS = YES;
				GCC_OPTIMIZATION_LEVEL = 0;
				GCC_PREPROCESSOR_DEFINITIONS = (
					"DEBUG=1",
					"$(inherited)",
				);
				GCC_WARN_64_TO_32_BIT_CONVERSION = YES;
				GCC_WARN_ABOUT_RETURN_TYPE = YES_ERROR;
				GCC_WARN_UNDECLARED_SELECTOR = YES;
				GCC_WARN_UNINITIALIZED_AUTOS = YES_AGGRESSIVE;
				GCC_WARN_UNUSED_FUNCTION = YES;
				GCC_WARN_UNUSED_VARIABLE = YES;
				IPHONEOS_DEPLOYMENT_TARGET = 9.0;
				MTL_ENABLE_DEBUG_INFO = YES;
				ONLY_ACTIVE_ARCH = YES;
				SDKROOT = iphoneos;
				TARGETED_DEVICE_FAMILY = "1,2";
			};
			name = Debug;
		};
		D2A7BFF61C70D8A0001996ED /* Release */ = {
			isa = XCBuildConfiguration;
			buildSettings = {
				ALWAYS_SEARCH_USER_PATHS = NO;
				CLANG_CXX_LANGUAGE_STANDARD = "gnu++0x";
				CLANG_CXX_LIBRARY = "libc++";
				CLANG_ENABLE_MODULES = YES;
				CLANG_ENABLE_OBJC_ARC = YES;
				CLANG_WARN_BOOL_CONVERSION = YES;
				CLANG_WARN_CONSTANT_CONVERSION = YES;
				CLANG_WARN_DIRECT_OBJC_ISA_USAGE = YES_ERROR;
				CLANG_WARN_EMPTY_BODY = YES;
				CLANG_WARN_ENUM_CONVERSION = YES;
				CLANG_WARN_INT_CONVERSION = YES;
				CLANG_WARN_OBJC_ROOT_CLASS = YES_ERROR;
				CLANG_WARN_UNREACHABLE_CODE = YES;
				CLANG_WARN__DUPLICATE_METHOD_MATCH = YES;
				"CODE_SIGN_IDENTITY[sdk=iphoneos*]" = "iPhone Developer";
				COPY_PHASE_STRIP = NO;
				DEBUG_INFORMATION_FORMAT = "dwarf-with-dsym";
				ENABLE_NS_ASSERTIONS = NO;
				ENABLE_STRICT_OBJC_MSGSEND = YES;
				GCC_C_LANGUAGE_STANDARD = gnu99;
				GCC_NO_COMMON_BLOCKS = YES;
				GCC_WARN_64_TO_32_BIT_CONVERSION = YES;
				GCC_WARN_ABOUT_RETURN_TYPE = YES_ERROR;
				GCC_WARN_UNDECLARED_SELECTOR = YES;
				GCC_WARN_UNINITIALIZED_AUTOS = YES_AGGRESSIVE;
				GCC_WARN_UNUSED_FUNCTION = YES;
				GCC_WARN_UNUSED_VARIABLE = YES;
				IPHONEOS_DEPLOYMENT_TARGET = 9.0;
				MTL_ENABLE_DEBUG_INFO = NO;
				SDKROOT = iphoneos;
				TARGETED_DEVICE_FAMILY = "1,2";
				VALIDATE_PRODUCT = YES;
			};
			name = Release;
		};
		D2A7BFF81C70D8A0001996ED /* Debug */ = {
			isa = XCBuildConfiguration;
			baseConfigurationReference = B470C6870C81805A5A82A467 /* Pods.debug.xcconfig */;
			buildSettings = {
				ASSETCATALOG_COMPILER_APPICON_NAME = AppIcon;
				INFOPLIST_FILE = AdsOnTopiOS/Info.plist;
				LD_RUNPATH_SEARCH_PATHS = "$(inherited) @executable_path/Frameworks";
				PRODUCT_BUNDLE_IDENTIFIER = TrustNetwork.AdsOnTopiOS;
				PRODUCT_NAME = "$(TARGET_NAME)";
			};
			name = Debug;
		};
		D2A7BFF91C70D8A0001996ED /* Release */ = {
			isa = XCBuildConfiguration;
			baseConfigurationReference = 858B88A89C11FA0EE77FC96A /* Pods.release.xcconfig */;
			buildSettings = {
				ASSETCATALOG_COMPILER_APPICON_NAME = AppIcon;
				INFOPLIST_FILE = AdsOnTopiOS/Info.plist;
				LD_RUNPATH_SEARCH_PATHS = "$(inherited) @executable_path/Frameworks";
				PRODUCT_BUNDLE_IDENTIFIER = TrustNetwork.AdsOnTopiOS;
				PRODUCT_NAME = "$(TARGET_NAME)";
			};
			name = Release;
		};
		D2A7BFFB1C70D8A0001996ED /* Debug */ = {
			isa = XCBuildConfiguration;
			buildSettings = {
				BUNDLE_LOADER = "$(TEST_HOST)";
				INFOPLIST_FILE = AdsOnTopiOSTests/Info.plist;
				LD_RUNPATH_SEARCH_PATHS = "$(inherited) @executable_path/Frameworks @loader_path/Frameworks";
				PRODUCT_BUNDLE_IDENTIFIER = TrustNetwork.AdsOnTopiOSTests;
				PRODUCT_NAME = "$(TARGET_NAME)";
				TEST_HOST = "$(BUILT_PRODUCTS_DIR)/AdsOnTopiOS.app/AdsOnTopiOS";
			};
			name = Debug;
		};
		D2A7BFFC1C70D8A0001996ED /* Release */ = {
			isa = XCBuildConfiguration;
			buildSettings = {
				BUNDLE_LOADER = "$(TEST_HOST)";
				INFOPLIST_FILE = AdsOnTopiOSTests/Info.plist;
				LD_RUNPATH_SEARCH_PATHS = "$(inherited) @executable_path/Frameworks @loader_path/Frameworks";
				PRODUCT_BUNDLE_IDENTIFIER = TrustNetwork.AdsOnTopiOSTests;
				PRODUCT_NAME = "$(TARGET_NAME)";
				TEST_HOST = "$(BUILT_PRODUCTS_DIR)/AdsOnTopiOS.app/AdsOnTopiOS";
			};
			name = Release;
		};
		D2A7BFFE1C70D8A0001996ED /* Debug */ = {
			isa = XCBuildConfiguration;
			buildSettings = {
				INFOPLIST_FILE = AdsOnTopiOSUITests/Info.plist;
				LD_RUNPATH_SEARCH_PATHS = "$(inherited) @executable_path/Frameworks @loader_path/Frameworks";
				PRODUCT_BUNDLE_IDENTIFIER = TrustNetwork.AdsOnTopiOSUITests;
				PRODUCT_NAME = "$(TARGET_NAME)";
				TEST_TARGET_NAME = AdsOnTopiOS;
				USES_XCTRUNNER = YES;
			};
			name = Debug;
		};
		D2A7BFFF1C70D8A0001996ED /* Release */ = {
			isa = XCBuildConfiguration;
			buildSettings = {
				INFOPLIST_FILE = AdsOnTopiOSUITests/Info.plist;
				LD_RUNPATH_SEARCH_PATHS = "$(inherited) @executable_path/Frameworks @loader_path/Frameworks";
				PRODUCT_BUNDLE_IDENTIFIER = TrustNetwork.AdsOnTopiOSUITests;
				PRODUCT_NAME = "$(TARGET_NAME)";
				TEST_TARGET_NAME = AdsOnTopiOS;
				USES_XCTRUNNER = YES;
			};
			name = Release;
		};
/* End XCBuildConfiguration section */

/* Begin XCConfigurationList section */
		D2A7BFC21C70D8A0001996ED /* Build configuration list for PBXProject "AdsOnTopiOS" */ = {
			isa = XCConfigurationList;
			buildConfigurations = (
				D2A7BFF51C70D8A0001996ED /* Debug */,
				D2A7BFF61C70D8A0001996ED /* Release */,
			);
			defaultConfigurationIsVisible = 0;
			defaultConfigurationName = Release;
		};
		D2A7BFF71C70D8A0001996ED /* Build configuration list for PBXNativeTarget "AdsOnTopiOS" */ = {
			isa = XCConfigurationList;
			buildConfigurations = (
				D2A7BFF81C70D8A0001996ED /* Debug */,
				D2A7BFF91C70D8A0001996ED /* Release */,
			);
			defaultConfigurationIsVisible = 0;
			defaultConfigurationName = Release;
		};
		D2A7BFFA1C70D8A0001996ED /* Build configuration list for PBXNativeTarget "AdsOnTopiOSTests" */ = {
			isa = XCConfigurationList;
			buildConfigurations = (
				D2A7BFFB1C70D8A0001996ED /* Debug */,
				D2A7BFFC1C70D8A0001996ED /* Release */,
			);
			defaultConfigurationIsVisible = 0;
			defaultConfigurationName = Release;
		};
		D2A7BFFD1C70D8A0001996ED /* Build configuration list for PBXNativeTarget "AdsOnTopiOSUITests" */ = {
			isa = XCConfigurationList;
			buildConfigurations = (
				D2A7BFFE1C70D8A0001996ED /* Debug */,
				D2A7BFFF1C70D8A0001996ED /* Release */,
			);
			defaultConfigurationIsVisible = 0;
			defaultConfigurationName = Release;
		};
/* End XCConfigurationList section */

/* Begin XCVersionGroup section */
		D2A7BFD61C70D8A0001996ED /* AdsOnTopiOS.xcdatamodeld */ = {
			isa = XCVersionGroup;
			children = (
				D2A7BFD71C70D8A0001996ED /* AdsOnTopiOS.xcdatamodel */,
			);
			currentVersion = D2A7BFD71C70D8A0001996ED /* AdsOnTopiOS.xcdatamodel */;
			path = AdsOnTopiOS.xcdatamodeld;
			sourceTree = "<group>";
			versionGroupType = wrapper.xcdatamodel;
		};
/* End XCVersionGroup section */
	};
	rootObject = D2A7BFBF1C70D8A0001996ED /* Project object */;
}
